<?xml version="1.0" encoding="UTF-8"?>
<Scheme
   version = "1.3"
   wasCreatedForAppExtension = "YES">
   <BuildAction>
      <BuildActionEntries>
         <BuildActionEntry
            buildForRunning = "YES">
            <BuildableReference
               BuildableIdentifier = "primary"
               BlueprintIdentifier = "5D7E06FB2CF765A000479A35"
               BuildableName = "MoreStuffShare.appex"
               BlueprintName = "MoreStuffShare"
               ReferencedContainer = "container:iosApp.xcodeproj">
            </BuildableReference>
         </BuildActionEntry>
         <BuildActionEntry
            buildForRunning = "YES">
            <BuildableReference
               BuildableIdentifier = "primary"
               BlueprintIdentifier = "7555FF7A242A565900829871"
               BuildableName = "MoreStuff.app"
               BlueprintName = "MoreStuff"
               ReferencedContainer = "container:iosApp.xcodeproj">
            </BuildableReference>
         </BuildActionEntry>
      </BuildActionEntries>
   </BuildAction>
   <LaunchAction
      useCustomWorkingDirectory = "NO"
      buildConfiguration = "Debug"
      allowLocationSimulation = "YES"
      launchAutomaticallySubstyle = "2">
   </LaunchAction>
</Scheme>
